
Microsoft Visual Studio Solution File, Format Version 12.00
# Visual Studio Version 16
VisualStudioVersion = 16.0.31321.278
MinimumVisualStudioVersion = 10.0.40219.1
Project("{FAE04EC0-301F-11D3-BF4B-00C04F79EFBC}") = "RMDataManager", "RMDataManager\RMDataManager.csproj", "{09EB2ED2-4D17-4867-92D3-5E124562408C}"
EndProject
Project("{00D1A9C2-B5F0-4AF3-8072-F6C62B433612}") = "RMData", "RMData\RMData.sqlproj", "{AB1CD84E-7B9D-494E-B809-5D2FF5584994}"
EndProject
Project("{FAE04EC0-301F-11D3-BF4B-00C04F79EFBC}") = "RMDesktopUI", "RMDesktopUI\RMDesktopUI.csproj", "{E3877A02-A5FC-4701-8BE4-12FDC3151494}"
EndProject
Global
	GlobalSection(SolutionConfigurationPlatforms) = preSolution
		Debug|Any CPU = Debug|Any CPU
		Release|Any CPU = Release|Any CPU
	EndGlobalSection
	GlobalSection(ProjectConfigurationPlatforms) = postSolution
		{09EB2ED2-4D17-4867-92D3-5E124562408C}.Debug|Any CPU.ActiveCfg = Debug|Any CPU
		{09EB2ED2-4D17-4867-92D3-5E124562408C}.Debug|Any CPU.Build.0 = Debug|Any CPU
		{09EB2ED2-4D17-4867-92D3-5E124562408C}.Release|Any CPU.ActiveCfg = Release|Any CPU
		{09EB2ED2-4D17-4867-92D3-5E124562408C}.Release|Any CPU.Build.0 = Release|Any CPU
		{AB1CD84E-7B9D-494E-B809-5D2FF5584994}.Debug|Any CPU.ActiveCfg = Debug|Any CPU
		{AB1CD84E-7B9D-494E-B809-5D2FF5584994}.Debug|Any CPU.Build.0 = Debug|Any CPU
		{AB1CD84E-7B9D-494E-B809-5D2FF5584994}.Debug|Any CPU.Deploy.0 = Debug|Any CPU
		{AB1CD84E-7B9D-494E-B809-5D2FF5584994}.Release|Any CPU.ActiveCfg = Release|Any CPU
		{AB1CD84E-7B9D-494E-B809-5D2FF5584994}.Release|Any CPU.Build.0 = Release|Any CPU
		{AB1CD84E-7B9D-494E-B809-5D2FF5584994}.Release|Any CPU.Deploy.0 = Release|Any CPU
		{E3877A02-A5FC-4701-8BE4-12FDC3151494}.Debug|Any CPU.ActiveCfg = Debug|Any CPU
		{E3877A02-A5FC-4701-8BE4-12FDC3151494}.Debug|Any CPU.Build.0 = Debug|Any CPU
		{E3877A02-A5FC-4701-8BE4-12FDC3151494}.Release|Any CPU.ActiveCfg = Release|Any CPU
		{E3877A02-A5FC-4701-8BE4-12FDC3151494}.Release|Any CPU.Build.0 = Release|Any CPU
	EndGlobalSection
	GlobalSection(SolutionProperties) = preSolution
		HideSolutionNode = FALSE
	EndGlobalSection
	GlobalSection(ExtensibilityGlobals) = postSolution
		SolutionGuid = {49F41FD5-39AC-4042-9D6E-A31047F1ACA2}
	EndGlobalSection
EndGlobal
